
Microsoft Visual Studio Solution File, Format Version 12.00
# Visual Studio 15
VisualStudioVersion = 15.0.27130.2020
MinimumVisualStudioVersion = 10.0.40219.1
Project("{2150E333-8FDC-42A3-9474-1A3956D46DE8}") = "src", "src", "{455EA8B5-593E-4FA3-B3D3-FABE9A7D0E2F}"
EndProject
Project("{2150E333-8FDC-42A3-9474-1A3956D46DE8}") = "test", "test", "{F45ED8C2-E00B-4CE7-9DC8-9A5921E54C58}"
EndProject
Project("{2150E333-8FDC-42A3-9474-1A3956D46DE8}") = "shared", "shared", "{89BC7946-8A1C-4CE4-8F8B-C8A344C60EBF}"
EndProject
Project("{D954291E-2A0B-460D-934E-DC6B0785DB48}") = "CuteAnt.Extensions.Logging.Sources", "..\CuteAnt.Extensions.Common\src\CuteAnt.Extensions.Logging.Sources\CuteAnt.Extensions.Logging.Sources.shproj", "{8DBB7DC8-2B90-4A8C-A60D-D41466174BDE}"
EndProject
Project("{D954291E-2A0B-460D-934E-DC6B0785DB48}") = "CuteAnt.Extensions.Reflection.Sources", "..\CuteAnt.Extensions.Common\src\CuteAnt.Extensions.Reflection.Sources\CuteAnt.Extensions.Reflection.Sources.shproj", "{C7F8DBE6-77B7-494D-AF00-018F7579548C}"
EndProject
Project("{2150E333-8FDC-42A3-9474-1A3956D46DE8}") = "Solution Items", "Solution Items", "{6D45F5E4-81DA-4123-8AE9-51165CEFE4A0}"
	ProjectSection(SolutionItems) = preProject
		clean.cmd = clean.cmd
		Issue.txt = Issue.txt
		LICENSE.md = LICENSE.md
		NuGet.Config = NuGet.Config
		README.md = README.md
	EndProjectSection
EndProject
Project("{D954291E-2A0B-460D-934E-DC6B0785DB48}") = "Nito.AsyncEx.Tasks.Sources", "..\CuteAnt.Extensions.Common\src\Nito.AsyncEx.Tasks.Sources\Nito.AsyncEx.Tasks.Sources.shproj", "{90BCC560-AA2B-4146-858A-9E524B696F75}"
EndProject
Project("{2150E333-8FDC-42A3-9474-1A3956D46DE8}") = "samples", "samples", "{201CB597-F20D-4E30-9B7D-34EDF1B4C660}"
EndProject
Project("{D954291E-2A0B-460D-934E-DC6B0785DB48}") = "CuteAnt.Extensions.ReaderWriterLockSlim.Sources", "..\CuteAnt.Extensions.Common\src\CuteAnt.Extensions.ReaderWriterLockSlim.Sources\CuteAnt.Extensions.ReaderWriterLockSlim.Sources.shproj", "{65E9ED9B-9545-47D8-A39C-DA22C323ABB2}"
EndProject
Project("{9A19103F-16F7-4668-BE54-9A1E7A4F7556}") = "EventStore.ClientAPI.Abstractions", "src\EventStore.ClientAPI.Abstractions\EventStore.ClientAPI.Abstractions.csproj", "{9C8E5742-6E84-40E5-9AAA-3ECBFDD92A93}"
EndProject
Project("{D954291E-2A0B-460D-934E-DC6B0785DB48}") = "CuteAnt.Extensions.TaskFactory.Sources", "..\CuteAnt.Extensions.Common\src\CuteAnt.Extensions.TaskFactory.Sources\CuteAnt.Extensions.TaskFactory.Sources.shproj", "{B38B6795-2812-4CD5-92F6-935734090816}"
EndProject
Project("{D954291E-2A0B-460D-934E-DC6B0785DB48}") = "CuteAnt.Extensions.GZip.Sources", "..\CuteAnt.Extensions.Common\src\CuteAnt.Extensions.GZip.Sources\CuteAnt.Extensions.GZip.Sources.shproj", "{64B440E4-D885-4270-8E12-53FDA499B6E4}"
EndProject
Project("{D954291E-2A0B-460D-934E-DC6B0785DB48}") = "CuteAnt.Extensions.StreamReaderAndWriter.Sources", "..\CuteAnt.Extensions.Common\src\CuteAnt.Extensions.StreamReaderAndWriter.Sources\CuteAnt.Extensions.StreamReaderAndWriter.Sources.shproj", "{1AB88764-60ED-44F3-9E98-08391B5F5CDB}"
EndProject
Project("{D954291E-2A0B-460D-934E-DC6B0785DB48}") = "CuteAnt.Extensions.DateTimeUtilities.Sources", "..\CuteAnt.Extensions.Common\src\CuteAnt.Extensions.DateTimeUtilities.Sources\CuteAnt.Extensions.DateTimeUtilities.Sources.shproj", "{F0DCBA0C-1EE9-403C-931C-555776F6C680}"
EndProject
Project("{9A19103F-16F7-4668-BE54-9A1E7A4F7556}") = "EventStore.ClientAPI", "src\EventStore.ClientAPI\EventStore.ClientAPI.csproj", "{FB791DF1-AE27-4892-847B-C0B0995C633D}"
	ProjectSection(ProjectDependencies) = postProject
		{D2C57932-7446-4115-8F98-D354F3623FF3} = {D2C57932-7446-4115-8F98-D354F3623FF3}
	EndProjectSection
EndProject
Project("{9A19103F-16F7-4668-BE54-9A1E7A4F7556}") = "EventStore.ClientAPI.Consumer", "src\EventStore.ClientAPI.Consumer\EventStore.ClientAPI.Consumer.csproj", "{FE89BA19-77E0-4163-BA6E-04854BA66213}"
EndProject
Project("{9A19103F-16F7-4668-BE54-9A1E7A4F7556}") = "EventStore.ClientAPI.Tests", "test\EventStore.ClientAPI.Tests\EventStore.ClientAPI.Tests.csproj", "{88D26A1B-B3B9-40A7-BD52-F9681E9BB12E}"
EndProject
Project("{9A19103F-16F7-4668-BE54-9A1E7A4F7556}") = "Es.SharedModels", "samples\Es.SharedModels\Es.SharedModels.csproj", "{C5C91097-27C1-4D36-986F-52686044C781}"
EndProject
Project("{9A19103F-16F7-4668-BE54-9A1E7A4F7556}") = "Es.Receiver", "samples\Es.Receiver\Es.Receiver.csproj", "{469E7995-12C1-49B6-9E75-0D7B102CB5BA}"
EndProject
Project("{9A19103F-16F7-4668-BE54-9A1E7A4F7556}") = "ES.Producer", "samples\ES.Producer\ES.Producer.csproj", "{23065515-683A-4766-BF3F-719395C2A8DA}"
EndProject
Project("{9A19103F-16F7-4668-BE54-9A1E7A4F7556}") = "Es.ConsumerB", "samples\Es.ConsumerB\Es.ConsumerB.csproj", "{6C326FED-F74A-47BD-85FF-F7A97A4358B0}"
EndProject
Project("{9A19103F-16F7-4668-BE54-9A1E7A4F7556}") = "Es.ConsumerA", "samples\Es.ConsumerA\Es.ConsumerA.csproj", "{D59F3A37-5444-449B-9573-55F18DF2DF10}"
EndProject
Project("{2150E333-8FDC-42A3-9474-1A3956D46DE8}") = "etc", "etc", "{88367BCE-9EC8-476E-B3E2-73E677CE6673}"
EndProject
Project("{9A19103F-16F7-4668-BE54-9A1E7A4F7556}") = "LZ4pn", "etc\LZ4pn\LZ4pn.csproj", "{1CC97CFD-2927-4E82-A7CF-0B1AEB976C77}"
EndProject
Project("{9A19103F-16F7-4668-BE54-9A1E7A4F7556}") = "LZ4", "etc\LZ4\LZ4.csproj", "{D2C57932-7446-4115-8F98-D354F3623FF3}"
EndProject
Project("{9A19103F-16F7-4668-BE54-9A1E7A4F7556}") = "EventStore.Core.Messages", "src\EventStore.Core.Messages\EventStore.Core.Messages.csproj", "{2014E747-0B79-40A9-964A-FBB64786CE56}"
EndProject
Global
	GlobalSection(SharedMSBuildProjectFiles) = preSolution
		..\CuteAnt.Extensions.Common\src\CuteAnt.Extensions.StreamReaderAndWriter.Sources\CuteAnt.Extensions.StreamReaderAndWriter.Sources.projitems*{1ab88764-60ed-44f3-9e98-08391b5f5cdb}*SharedItemsImports = 13
		..\CuteAnt.Extensions.Common\src\CuteAnt.Extensions.GZip.Sources\CuteAnt.Extensions.GZip.Sources.projitems*{64b440e4-d885-4270-8e12-53fda499b6e4}*SharedItemsImports = 13
		..\CuteAnt.Extensions.Common\src\CuteAnt.Extensions.ReaderWriterLockSlim.Sources\CuteAnt.Extensions.ReaderWriterLockSlim.Sources.projitems*{65e9ed9b-9545-47d8-a39c-da22c323abb2}*SharedItemsImports = 13
		..\CuteAnt.Extensions.Common\src\CuteAnt.Extensions.Logging.Sources\CuteAnt.Extensions.Logging.Sources.projitems*{8dbb7dc8-2b90-4a8c-a60d-d41466174bde}*SharedItemsImports = 13
		..\CuteAnt.Extensions.Common\src\Nito.AsyncEx.Tasks.Sources\Nito.AsyncEx.Tasks.Sources.projitems*{90bcc560-aa2b-4146-858a-9e524b696f75}*SharedItemsImports = 13
		..\CuteAnt.Extensions.Common\src\CuteAnt.Extensions.TaskFactory.Sources\CuteAnt.Extensions.TaskFactory.Sources.projitems*{b38b6795-2812-4cd5-92f6-935734090816}*SharedItemsImports = 13
		..\CuteAnt.Extensions.Common\src\CuteAnt.Extensions.Reflection.Sources\CuteAnt.Extensions.Reflection.Sources.projitems*{c7f8dbe6-77b7-494d-af00-018f7579548c}*SharedItemsImports = 13
		..\CuteAnt.Extensions.Common\src\CuteAnt.Extensions.DateTimeUtilities.Sources\CuteAnt.Extensions.DateTimeUtilities.Sources.projitems*{f0dcba0c-1ee9-403c-931c-555776f6c680}*SharedItemsImports = 13
	EndGlobalSection
	GlobalSection(SolutionConfigurationPlatforms) = preSolution
		Debug|Any CPU = Debug|Any CPU
		Release|Any CPU = Release|Any CPU
	EndGlobalSection
	GlobalSection(ProjectConfigurationPlatforms) = postSolution
		{9C8E5742-6E84-40E5-9AAA-3ECBFDD92A93}.Debug|Any CPU.ActiveCfg = Debug|Any CPU
		{9C8E5742-6E84-40E5-9AAA-3ECBFDD92A93}.Debug|Any CPU.Build.0 = Debug|Any CPU
		{9C8E5742-6E84-40E5-9AAA-3ECBFDD92A93}.Release|Any CPU.ActiveCfg = Release|Any CPU
		{9C8E5742-6E84-40E5-9AAA-3ECBFDD92A93}.Release|Any CPU.Build.0 = Release|Any CPU
		{FB791DF1-AE27-4892-847B-C0B0995C633D}.Debug|Any CPU.ActiveCfg = Debug|Any CPU
		{FB791DF1-AE27-4892-847B-C0B0995C633D}.Debug|Any CPU.Build.0 = Debug|Any CPU
		{FB791DF1-AE27-4892-847B-C0B0995C633D}.Release|Any CPU.ActiveCfg = Release|Any CPU
		{FB791DF1-AE27-4892-847B-C0B0995C633D}.Release|Any CPU.Build.0 = Release|Any CPU
		{FE89BA19-77E0-4163-BA6E-04854BA66213}.Debug|Any CPU.ActiveCfg = Debug|Any CPU
		{FE89BA19-77E0-4163-BA6E-04854BA66213}.Debug|Any CPU.Build.0 = Debug|Any CPU
		{FE89BA19-77E0-4163-BA6E-04854BA66213}.Release|Any CPU.ActiveCfg = Release|Any CPU
		{FE89BA19-77E0-4163-BA6E-04854BA66213}.Release|Any CPU.Build.0 = Release|Any CPU
		{88D26A1B-B3B9-40A7-BD52-F9681E9BB12E}.Debug|Any CPU.ActiveCfg = Debug|Any CPU
		{88D26A1B-B3B9-40A7-BD52-F9681E9BB12E}.Debug|Any CPU.Build.0 = Debug|Any CPU
		{88D26A1B-B3B9-40A7-BD52-F9681E9BB12E}.Release|Any CPU.ActiveCfg = Release|Any CPU
		{88D26A1B-B3B9-40A7-BD52-F9681E9BB12E}.Release|Any CPU.Build.0 = Release|Any CPU
		{C5C91097-27C1-4D36-986F-52686044C781}.Debug|Any CPU.ActiveCfg = Debug|Any CPU
		{C5C91097-27C1-4D36-986F-52686044C781}.Debug|Any CPU.Build.0 = Debug|Any CPU
		{C5C91097-27C1-4D36-986F-52686044C781}.Release|Any CPU.ActiveCfg = Release|Any CPU
		{C5C91097-27C1-4D36-986F-52686044C781}.Release|Any CPU.Build.0 = Release|Any CPU
		{469E7995-12C1-49B6-9E75-0D7B102CB5BA}.Debug|Any CPU.ActiveCfg = Debug|Any CPU
		{469E7995-12C1-49B6-9E75-0D7B102CB5BA}.Debug|Any CPU.Build.0 = Debug|Any CPU
		{469E7995-12C1-49B6-9E75-0D7B102CB5BA}.Release|Any CPU.ActiveCfg = Release|Any CPU
		{469E7995-12C1-49B6-9E75-0D7B102CB5BA}.Release|Any CPU.Build.0 = Release|Any CPU
		{23065515-683A-4766-BF3F-719395C2A8DA}.Debug|Any CPU.ActiveCfg = Debug|Any CPU
		{23065515-683A-4766-BF3F-719395C2A8DA}.Debug|Any CPU.Build.0 = Debug|Any CPU
		{23065515-683A-4766-BF3F-719395C2A8DA}.Release|Any CPU.ActiveCfg = Release|Any CPU
		{23065515-683A-4766-BF3F-719395C2A8DA}.Release|Any CPU.Build.0 = Release|Any CPU
		{6C326FED-F74A-47BD-85FF-F7A97A4358B0}.Debug|Any CPU.ActiveCfg = Debug|Any CPU
		{6C326FED-F74A-47BD-85FF-F7A97A4358B0}.Debug|Any CPU.Build.0 = Debug|Any CPU
		{6C326FED-F74A-47BD-85FF-F7A97A4358B0}.Release|Any CPU.ActiveCfg = Release|Any CPU
		{6C326FED-F74A-47BD-85FF-F7A97A4358B0}.Release|Any CPU.Build.0 = Release|Any CPU
		{D59F3A37-5444-449B-9573-55F18DF2DF10}.Debug|Any CPU.ActiveCfg = Debug|Any CPU
		{D59F3A37-5444-449B-9573-55F18DF2DF10}.Debug|Any CPU.Build.0 = Debug|Any CPU
		{D59F3A37-5444-449B-9573-55F18DF2DF10}.Release|Any CPU.ActiveCfg = Release|Any CPU
		{D59F3A37-5444-449B-9573-55F18DF2DF10}.Release|Any CPU.Build.0 = Release|Any CPU
		{1CC97CFD-2927-4E82-A7CF-0B1AEB976C77}.Debug|Any CPU.ActiveCfg = Debug|Any CPU
		{1CC97CFD-2927-4E82-A7CF-0B1AEB976C77}.Debug|Any CPU.Build.0 = Debug|Any CPU
		{1CC97CFD-2927-4E82-A7CF-0B1AEB976C77}.Release|Any CPU.ActiveCfg = Release|Any CPU
		{1CC97CFD-2927-4E82-A7CF-0B1AEB976C77}.Release|Any CPU.Build.0 = Release|Any CPU
		{D2C57932-7446-4115-8F98-D354F3623FF3}.Debug|Any CPU.ActiveCfg = Debug|Any CPU
		{D2C57932-7446-4115-8F98-D354F3623FF3}.Debug|Any CPU.Build.0 = Debug|Any CPU
		{D2C57932-7446-4115-8F98-D354F3623FF3}.Release|Any CPU.ActiveCfg = Release|Any CPU
		{D2C57932-7446-4115-8F98-D354F3623FF3}.Release|Any CPU.Build.0 = Release|Any CPU
		{2014E747-0B79-40A9-964A-FBB64786CE56}.Debug|Any CPU.ActiveCfg = Debug|Any CPU
		{2014E747-0B79-40A9-964A-FBB64786CE56}.Debug|Any CPU.Build.0 = Debug|Any CPU
		{2014E747-0B79-40A9-964A-FBB64786CE56}.Release|Any CPU.ActiveCfg = Release|Any CPU
		{2014E747-0B79-40A9-964A-FBB64786CE56}.Release|Any CPU.Build.0 = Release|Any CPU
	EndGlobalSection
	GlobalSection(SolutionProperties) = preSolution
		HideSolutionNode = FALSE
	EndGlobalSection
	GlobalSection(NestedProjects) = preSolution
		{8DBB7DC8-2B90-4A8C-A60D-D41466174BDE} = {89BC7946-8A1C-4CE4-8F8B-C8A344C60EBF}
		{C7F8DBE6-77B7-494D-AF00-018F7579548C} = {89BC7946-8A1C-4CE4-8F8B-C8A344C60EBF}
		{90BCC560-AA2B-4146-858A-9E524B696F75} = {89BC7946-8A1C-4CE4-8F8B-C8A344C60EBF}
		{65E9ED9B-9545-47D8-A39C-DA22C323ABB2} = {89BC7946-8A1C-4CE4-8F8B-C8A344C60EBF}
		{9C8E5742-6E84-40E5-9AAA-3ECBFDD92A93} = {455EA8B5-593E-4FA3-B3D3-FABE9A7D0E2F}
		{B38B6795-2812-4CD5-92F6-935734090816} = {89BC7946-8A1C-4CE4-8F8B-C8A344C60EBF}
		{64B440E4-D885-4270-8E12-53FDA499B6E4} = {89BC7946-8A1C-4CE4-8F8B-C8A344C60EBF}
		{1AB88764-60ED-44F3-9E98-08391B5F5CDB} = {89BC7946-8A1C-4CE4-8F8B-C8A344C60EBF}
		{F0DCBA0C-1EE9-403C-931C-555776F6C680} = {89BC7946-8A1C-4CE4-8F8B-C8A344C60EBF}
		{FB791DF1-AE27-4892-847B-C0B0995C633D} = {455EA8B5-593E-4FA3-B3D3-FABE9A7D0E2F}
		{FE89BA19-77E0-4163-BA6E-04854BA66213} = {455EA8B5-593E-4FA3-B3D3-FABE9A7D0E2F}
		{88D26A1B-B3B9-40A7-BD52-F9681E9BB12E} = {F45ED8C2-E00B-4CE7-9DC8-9A5921E54C58}
		{C5C91097-27C1-4D36-986F-52686044C781} = {201CB597-F20D-4E30-9B7D-34EDF1B4C660}
		{469E7995-12C1-49B6-9E75-0D7B102CB5BA} = {201CB597-F20D-4E30-9B7D-34EDF1B4C660}
		{23065515-683A-4766-BF3F-719395C2A8DA} = {201CB597-F20D-4E30-9B7D-34EDF1B4C660}
		{6C326FED-F74A-47BD-85FF-F7A97A4358B0} = {201CB597-F20D-4E30-9B7D-34EDF1B4C660}
		{D59F3A37-5444-449B-9573-55F18DF2DF10} = {201CB597-F20D-4E30-9B7D-34EDF1B4C660}
		{1CC97CFD-2927-4E82-A7CF-0B1AEB976C77} = {88367BCE-9EC8-476E-B3E2-73E677CE6673}
		{D2C57932-7446-4115-8F98-D354F3623FF3} = {88367BCE-9EC8-476E-B3E2-73E677CE6673}
		{2014E747-0B79-40A9-964A-FBB64786CE56} = {455EA8B5-593E-4FA3-B3D3-FABE9A7D0E2F}
	EndGlobalSection
	GlobalSection(ExtensibilityGlobals) = postSolution
		SolutionGuid = {FC05632E-9D0B-4A7D-8D39-89FA66EC3144}
	EndGlobalSection
	GlobalSection(MonoDevelopProperties) = preSolution
		StartupItem = EventStore.MultiNode\EventStore.MultiNode.csproj
	EndGlobalSection
EndGlobal
