
Microsoft Visual Studio Solution File, Format Version 12.00
# Visual Studio 15
VisualStudioVersion = 15.0.27130.2020
MinimumVisualStudioVersion = 10.0.40219.1
Project("{2150E333-8FDC-42A3-9474-1A3956D46DE8}") = "etc", "etc", "{E89F2D25-67E8-491D-A506-4CCD748F297D}"
EndProject
Project("{2150E333-8FDC-42A3-9474-1A3956D46DE8}") = "src", "src", "{455EA8B5-593E-4FA3-B3D3-FABE9A7D0E2F}"
EndProject
Project("{2150E333-8FDC-42A3-9474-1A3956D46DE8}") = "app", "app", "{FA36119A-FE32-4691-B2F0-EE8348B6EE05}"
EndProject
Project("{2150E333-8FDC-42A3-9474-1A3956D46DE8}") = "test", "test", "{F45ED8C2-E00B-4CE7-9DC8-9A5921E54C58}"
EndProject
Project("{9A19103F-16F7-4668-BE54-9A1E7A4F7556}") = "HdrHistogram", "etc\HdrHistogram\HdrHistogram.csproj", "{09EE4F0D-5D90-46FC-809B-D788B4278E0E}"
EndProject
Project("{2150E333-8FDC-42A3-9474-1A3956D46DE8}") = "shared", "shared", "{89BC7946-8A1C-4CE4-8F8B-C8A344C60EBF}"
EndProject
Project("{D954291E-2A0B-460D-934E-DC6B0785DB48}") = "CuteAnt.Extensions.Logging.Sources", "..\CuteAnt.Extensions.Common\src\CuteAnt.Extensions.Logging.Sources\CuteAnt.Extensions.Logging.Sources.shproj", "{8DBB7DC8-2B90-4A8C-A60D-D41466174BDE}"
EndProject
Project("{D954291E-2A0B-460D-934E-DC6B0785DB48}") = "CuteAnt.Extensions.Reflection.Sources", "..\CuteAnt.Extensions.Common\src\CuteAnt.Extensions.Reflection.Sources\CuteAnt.Extensions.Reflection.Sources.shproj", "{C7F8DBE6-77B7-494D-AF00-018F7579548C}"
EndProject
Project("{2150E333-8FDC-42A3-9474-1A3956D46DE8}") = "Solution Items", "Solution Items", "{6D45F5E4-81DA-4123-8AE9-51165CEFE4A0}"
	ProjectSection(SolutionItems) = preProject
		clean.cmd = clean.cmd
		Issue.txt = Issue.txt
		NuGet.Config = NuGet.Config
		README.md = README.md
	EndProjectSection
EndProject
Project("{D954291E-2A0B-460D-934E-DC6B0785DB48}") = "Nito.AsyncEx.Tasks.Sources", "..\CuteAnt.Extensions.Common\src\Nito.AsyncEx.Tasks.Sources\Nito.AsyncEx.Tasks.Sources.shproj", "{90BCC560-AA2B-4146-858A-9E524B696F75}"
EndProject
Project("{2150E333-8FDC-42A3-9474-1A3956D46DE8}") = "samples", "samples", "{201CB597-F20D-4E30-9B7D-34EDF1B4C660}"
EndProject
Project("{D954291E-2A0B-460D-934E-DC6B0785DB48}") = "CuteAnt.Extensions.ReaderWriterLockSlim.Sources", "..\CuteAnt.Extensions.Common\src\CuteAnt.Extensions.ReaderWriterLockSlim.Sources\CuteAnt.Extensions.ReaderWriterLockSlim.Sources.shproj", "{65E9ED9B-9545-47D8-A39C-DA22C323ABB2}"
EndProject
Project("{D954291E-2A0B-460D-934E-DC6B0785DB48}") = "CuteAnt.Extensions.TaskFactory.Sources", "..\CuteAnt.Extensions.Common\src\CuteAnt.Extensions.TaskFactory.Sources\CuteAnt.Extensions.TaskFactory.Sources.shproj", "{B38B6795-2812-4CD5-92F6-935734090816}"
EndProject
Project("{D954291E-2A0B-460D-934E-DC6B0785DB48}") = "CuteAnt.Extensions.GZip.Sources", "..\CuteAnt.Extensions.Common\src\CuteAnt.Extensions.GZip.Sources\CuteAnt.Extensions.GZip.Sources.shproj", "{64B440E4-D885-4270-8E12-53FDA499B6E4}"
EndProject
Project("{D954291E-2A0B-460D-934E-DC6B0785DB48}") = "CuteAnt.Extensions.StreamReaderAndWriter.Sources", "..\CuteAnt.Extensions.Common\src\CuteAnt.Extensions.StreamReaderAndWriter.Sources\CuteAnt.Extensions.StreamReaderAndWriter.Sources.shproj", "{1AB88764-60ED-44F3-9E98-08391B5F5CDB}"
EndProject
Project("{D954291E-2A0B-460D-934E-DC6B0785DB48}") = "CuteAnt.Extensions.DateTimeUtilities.Sources", "..\CuteAnt.Extensions.Common\src\CuteAnt.Extensions.DateTimeUtilities.Sources\CuteAnt.Extensions.DateTimeUtilities.Sources.shproj", "{F0DCBA0C-1EE9-403C-931C-555776F6C680}"
EndProject
Project("{9A19103F-16F7-4668-BE54-9A1E7A4F7556}") = "EventStore.Rags", "src\EventStore.Rags\EventStore.Rags.csproj", "{610512B3-AD01-4A99-9842-8F75F2C9D8D3}"
EndProject
Project("{9A19103F-16F7-4668-BE54-9A1E7A4F7556}") = "EventStore.Rags.Tests", "src\EventStore.Rags.Tests\EventStore.Rags.Tests.csproj", "{41CC36B0-DD01-40B5-AD66-442F17CD534A}"
EndProject
Project("{9A19103F-16F7-4668-BE54-9A1E7A4F7556}") = "EventStore.Common", "src\EventStore.Common\EventStore.Common.csproj", "{F437902C-3272-42F7-A5ED-C397C45DDF33}"
EndProject
Project("{9A19103F-16F7-4668-BE54-9A1E7A4F7556}") = "EventStore.Common.Utils", "src\EventStore.Common.Utils\EventStore.Common.Utils.csproj", "{C9E040A8-8225-4E69-8157-96F542550900}"
EndProject
Project("{9A19103F-16F7-4668-BE54-9A1E7A4F7556}") = "EventStore.Native", "src\EventStore.Native\EventStore.Native.csproj", "{076782F0-3830-4FBB-A7FF-96369FD8A469}"
EndProject
Project("{9A19103F-16F7-4668-BE54-9A1E7A4F7556}") = "EventStore.BufferManagement", "src\EventStore.BufferManagement\EventStore.BufferManagement.csproj", "{E3550B56-3FA5-4BEE-A358-CB7EC5276CFC}"
EndProject
Project("{9A19103F-16F7-4668-BE54-9A1E7A4F7556}") = "EventStore.BufferManagement.Tests", "src\EventStore.BufferManagement.Tests\EventStore.BufferManagement.Tests.csproj", "{25532498-BBD6-4D71-BC96-11182292FEB6}"
EndProject
Project("{9A19103F-16F7-4668-BE54-9A1E7A4F7556}") = "EventStore.Transport.Tcp", "src\EventStore.Transport.Tcp\EventStore.Transport.Tcp.csproj", "{40134618-12E0-495F-A40A-1B7DBE644202}"
EndProject
Project("{9A19103F-16F7-4668-BE54-9A1E7A4F7556}") = "EventStore.Transport.Http", "src\EventStore.Transport.Http\EventStore.Transport.Http.csproj", "{E4231D0D-F9DF-4E36-A798-ECA33F59E5CA}"
EndProject
Project("{9A19103F-16F7-4668-BE54-9A1E7A4F7556}") = "EventStore.ClientAPI.Abstractions", "src\EventStore.ClientAPI.Abstractions\EventStore.ClientAPI.Abstractions.csproj", "{D8C9244B-CF4D-4EC8-A2DF-50758BB5AD88}"
EndProject
Project("{9A19103F-16F7-4668-BE54-9A1E7A4F7556}") = "EventStore.ClientAPI", "src\EventStore.ClientAPI\EventStore.ClientAPI.csproj", "{DF48930F-1C79-4BEE-92BA-E9EF90D4AA10}"
EndProject
Project("{9A19103F-16F7-4668-BE54-9A1E7A4F7556}") = "EventStore.ClientAPI.Consumer", "src\EventStore.ClientAPI.Consumer\EventStore.ClientAPI.Consumer.csproj", "{DD38536C-29E6-4C90-ADEB-069C6224A4EA}"
EndProject
Project("{9A19103F-16F7-4668-BE54-9A1E7A4F7556}") = "EventStore.Core", "src\EventStore.Core\EventStore.Core.csproj", "{5658F604-9227-4714-B128-87EE331AC113}"
EndProject
Project("{9A19103F-16F7-4668-BE54-9A1E7A4F7556}") = "EventStore.Projections.Core", "src\EventStore.Projections.Core\EventStore.Projections.Core.csproj", "{123BE5EF-0AAB-4AA3-AF0B-D649C87E8F2B}"
EndProject
Project("{9A19103F-16F7-4668-BE54-9A1E7A4F7556}") = "EventStore.ClientAPI.Embedded", "src\EventStore.ClientAPI.Embedded\EventStore.ClientAPI.Embedded.csproj", "{36969415-918F-4342-8AF8-97B27F604001}"
EndProject
Project("{9A19103F-16F7-4668-BE54-9A1E7A4F7556}") = "EventStore.Core.Tests", "src\EventStore.Core.Tests\EventStore.Core.Tests.csproj", "{4DB2C9D7-EAF0-4839-84E6-856C456DCD36}"
EndProject
Project("{9A19103F-16F7-4668-BE54-9A1E7A4F7556}") = "EventStore.Projections.Core.Tests", "src\EventStore.Projections.Core.Tests\EventStore.Projections.Core.Tests.csproj", "{C828AF89-D69D-49A3-8DAE-D81B72884AEE}"
EndProject
Project("{9A19103F-16F7-4668-BE54-9A1E7A4F7556}") = "EventStore.ClientAPI.Tests", "test\EventStore.ClientAPI.Tests\EventStore.ClientAPI.Tests.csproj", "{8B3ACF44-80AA-419A-AC4F-FAFDD526BE82}"
EndProject
Project("{9A19103F-16F7-4668-BE54-9A1E7A4F7556}") = "SimpleSyndicate.UriTemplate", "etc\SimpleSyndicate.UriTemplate\SimpleSyndicate.UriTemplate.csproj", "{724CBC76-7AC0-483A-907C-7597B9D084B4}"
EndProject
Project("{9A19103F-16F7-4668-BE54-9A1E7A4F7556}") = "EventStore.ClusterNode.Services", "src\EventStore.ClusterNode.Services\EventStore.ClusterNode.Services.csproj", "{C9FFB84B-56A0-4572-9F67-67C7C7824313}"
EndProject
Project("{9A19103F-16F7-4668-BE54-9A1E7A4F7556}") = "EventStore.ClusterNode.WindowsServices", "src\EventStore.ClusterNode.WindowsServices\EventStore.ClusterNode.WindowsServices.csproj", "{6660A2E4-ECDC-49F8-BF3C-19DB600F63C3}"
EndProject
Project("{9A19103F-16F7-4668-BE54-9A1E7A4F7556}") = "Es.SharedModels", "samples\Es.SharedModels\Es.SharedModels.csproj", "{B764D4FA-F906-4F49-93BC-3EC38FD70607}"
EndProject
Project("{9A19103F-16F7-4668-BE54-9A1E7A4F7556}") = "Es.Receiver", "samples\Es.Receiver\Es.Receiver.csproj", "{F9C4A7FC-1FF4-4610-AE15-758ED5C5E213}"
EndProject
Project("{9A19103F-16F7-4668-BE54-9A1E7A4F7556}") = "ES.Producer", "samples\ES.Producer\ES.Producer.csproj", "{8F2F6172-6E75-4B48-8002-6A1FB49A7692}"
EndProject
Project("{9A19103F-16F7-4668-BE54-9A1E7A4F7556}") = "Es.ConsumerB", "samples\Es.ConsumerB\Es.ConsumerB.csproj", "{73EAF600-63D6-494E-B8C7-C871A801C263}"
EndProject
Project("{9A19103F-16F7-4668-BE54-9A1E7A4F7556}") = "Es.ConsumerA", "samples\Es.ConsumerA\Es.ConsumerA.csproj", "{D230F5B4-4F12-4E55-BDF8-2037EDC463F2}"
EndProject
Project("{9A19103F-16F7-4668-BE54-9A1E7A4F7556}") = "EventStore.Core.Messages", "src\EventStore.Core.Messages\EventStore.Core.Messages.csproj", "{ECF4DCA4-5D2D-42CF-B027-1C88CAB12E3F}"
EndProject
Project("{D954291E-2A0B-460D-934E-DC6B0785DB48}") = "CuteAnt.Extensions.Async.Sources", "..\CuteAnt.Extensions.Common\src\CuteAnt.Extensions.Async.Sources\CuteAnt.Extensions.Async.Sources.shproj", "{B2BE33A0-1EB0-49F7-BD28-72806D4A1DF1}"
EndProject
Project("{D954291E-2A0B-460D-934E-DC6B0785DB48}") = "EventStore.Common.Utils.Sources", "src\EventStore.Common.Utils.Sources\EventStore.Common.Utils.Sources.shproj", "{4F157224-1369-4D82-B673-CC185D24F1F0}"
EndProject
Project("{9A19103F-16F7-4668-BE54-9A1E7A4F7556}") = "EventStore.ClusterNode.DotNetCore", "src\EventStore.ClusterNode.DotNetCore\EventStore.ClusterNode.DotNetCore.csproj", "{6A50574B-9A53-4CE9-BA22-5F93AA392A61}"
EndProject
Global
	GlobalSection(SharedMSBuildProjectFiles) = preSolution
		..\CuteAnt.Extensions.Common\src\CuteAnt.Extensions.StreamReaderAndWriter.Sources\CuteAnt.Extensions.StreamReaderAndWriter.Sources.projitems*{1ab88764-60ed-44f3-9e98-08391b5f5cdb}*SharedItemsImports = 13
		src\EventStore.Common.Utils.Sources\EventStore.Common.Utils.Sources.projitems*{4f157224-1369-4d82-b673-cc185d24f1f0}*SharedItemsImports = 13
		..\CuteAnt.Extensions.Common\src\CuteAnt.Extensions.GZip.Sources\CuteAnt.Extensions.GZip.Sources.projitems*{64b440e4-d885-4270-8e12-53fda499b6e4}*SharedItemsImports = 13
		..\CuteAnt.Extensions.Common\src\CuteAnt.Extensions.ReaderWriterLockSlim.Sources\CuteAnt.Extensions.ReaderWriterLockSlim.Sources.projitems*{65e9ed9b-9545-47d8-a39c-da22c323abb2}*SharedItemsImports = 13
		..\CuteAnt.Extensions.Common\src\CuteAnt.Extensions.Logging.Sources\CuteAnt.Extensions.Logging.Sources.projitems*{8dbb7dc8-2b90-4a8c-a60d-d41466174bde}*SharedItemsImports = 13
		..\CuteAnt.Extensions.Common\src\Nito.AsyncEx.Tasks.Sources\Nito.AsyncEx.Tasks.Sources.projitems*{90bcc560-aa2b-4146-858a-9e524b696f75}*SharedItemsImports = 13
		..\CuteAnt.Extensions.Common\src\CuteAnt.Extensions.Async.Sources\CuteAnt.Extensions.Async.Sources.projitems*{b2be33a0-1eb0-49f7-bd28-72806d4a1df1}*SharedItemsImports = 13
		..\CuteAnt.Extensions.Common\src\CuteAnt.Extensions.TaskFactory.Sources\CuteAnt.Extensions.TaskFactory.Sources.projitems*{b38b6795-2812-4cd5-92f6-935734090816}*SharedItemsImports = 13
		..\CuteAnt.Extensions.Common\src\CuteAnt.Extensions.Reflection.Sources\CuteAnt.Extensions.Reflection.Sources.projitems*{c7f8dbe6-77b7-494d-af00-018f7579548c}*SharedItemsImports = 13
		..\CuteAnt.Extensions.Common\src\CuteAnt.Extensions.DateTimeUtilities.Sources\CuteAnt.Extensions.DateTimeUtilities.Sources.projitems*{f0dcba0c-1ee9-403c-931c-555776f6c680}*SharedItemsImports = 13
	EndGlobalSection
	GlobalSection(SolutionConfigurationPlatforms) = preSolution
		Debug|Any CPU = Debug|Any CPU
		Release|Any CPU = Release|Any CPU
	EndGlobalSection
	GlobalSection(ProjectConfigurationPlatforms) = postSolution
		{09EE4F0D-5D90-46FC-809B-D788B4278E0E}.Debug|Any CPU.ActiveCfg = Debug|Any CPU
		{09EE4F0D-5D90-46FC-809B-D788B4278E0E}.Debug|Any CPU.Build.0 = Debug|Any CPU
		{09EE4F0D-5D90-46FC-809B-D788B4278E0E}.Release|Any CPU.ActiveCfg = Release|Any CPU
		{09EE4F0D-5D90-46FC-809B-D788B4278E0E}.Release|Any CPU.Build.0 = Release|Any CPU
		{610512B3-AD01-4A99-9842-8F75F2C9D8D3}.Debug|Any CPU.ActiveCfg = Debug|Any CPU
		{610512B3-AD01-4A99-9842-8F75F2C9D8D3}.Debug|Any CPU.Build.0 = Debug|Any CPU
		{610512B3-AD01-4A99-9842-8F75F2C9D8D3}.Release|Any CPU.ActiveCfg = Release|Any CPU
		{610512B3-AD01-4A99-9842-8F75F2C9D8D3}.Release|Any CPU.Build.0 = Release|Any CPU
		{41CC36B0-DD01-40B5-AD66-442F17CD534A}.Debug|Any CPU.ActiveCfg = Debug|Any CPU
		{41CC36B0-DD01-40B5-AD66-442F17CD534A}.Debug|Any CPU.Build.0 = Debug|Any CPU
		{41CC36B0-DD01-40B5-AD66-442F17CD534A}.Release|Any CPU.ActiveCfg = Release|Any CPU
		{41CC36B0-DD01-40B5-AD66-442F17CD534A}.Release|Any CPU.Build.0 = Release|Any CPU
		{F437902C-3272-42F7-A5ED-C397C45DDF33}.Debug|Any CPU.ActiveCfg = Debug|Any CPU
		{F437902C-3272-42F7-A5ED-C397C45DDF33}.Debug|Any CPU.Build.0 = Debug|Any CPU
		{F437902C-3272-42F7-A5ED-C397C45DDF33}.Release|Any CPU.ActiveCfg = Release|Any CPU
		{F437902C-3272-42F7-A5ED-C397C45DDF33}.Release|Any CPU.Build.0 = Release|Any CPU
		{C9E040A8-8225-4E69-8157-96F542550900}.Debug|Any CPU.ActiveCfg = Debug|Any CPU
		{C9E040A8-8225-4E69-8157-96F542550900}.Debug|Any CPU.Build.0 = Debug|Any CPU
		{C9E040A8-8225-4E69-8157-96F542550900}.Release|Any CPU.ActiveCfg = Release|Any CPU
		{C9E040A8-8225-4E69-8157-96F542550900}.Release|Any CPU.Build.0 = Release|Any CPU
		{076782F0-3830-4FBB-A7FF-96369FD8A469}.Debug|Any CPU.ActiveCfg = Debug|Any CPU
		{076782F0-3830-4FBB-A7FF-96369FD8A469}.Debug|Any CPU.Build.0 = Debug|Any CPU
		{076782F0-3830-4FBB-A7FF-96369FD8A469}.Release|Any CPU.ActiveCfg = Release|Any CPU
		{076782F0-3830-4FBB-A7FF-96369FD8A469}.Release|Any CPU.Build.0 = Release|Any CPU
		{E3550B56-3FA5-4BEE-A358-CB7EC5276CFC}.Debug|Any CPU.ActiveCfg = Debug|Any CPU
		{E3550B56-3FA5-4BEE-A358-CB7EC5276CFC}.Debug|Any CPU.Build.0 = Debug|Any CPU
		{E3550B56-3FA5-4BEE-A358-CB7EC5276CFC}.Release|Any CPU.ActiveCfg = Release|Any CPU
		{E3550B56-3FA5-4BEE-A358-CB7EC5276CFC}.Release|Any CPU.Build.0 = Release|Any CPU
		{25532498-BBD6-4D71-BC96-11182292FEB6}.Debug|Any CPU.ActiveCfg = Debug|Any CPU
		{25532498-BBD6-4D71-BC96-11182292FEB6}.Debug|Any CPU.Build.0 = Debug|Any CPU
		{25532498-BBD6-4D71-BC96-11182292FEB6}.Release|Any CPU.ActiveCfg = Release|Any CPU
		{25532498-BBD6-4D71-BC96-11182292FEB6}.Release|Any CPU.Build.0 = Release|Any CPU
		{40134618-12E0-495F-A40A-1B7DBE644202}.Debug|Any CPU.ActiveCfg = Debug|Any CPU
		{40134618-12E0-495F-A40A-1B7DBE644202}.Debug|Any CPU.Build.0 = Debug|Any CPU
		{40134618-12E0-495F-A40A-1B7DBE644202}.Release|Any CPU.ActiveCfg = Release|Any CPU
		{40134618-12E0-495F-A40A-1B7DBE644202}.Release|Any CPU.Build.0 = Release|Any CPU
		{E4231D0D-F9DF-4E36-A798-ECA33F59E5CA}.Debug|Any CPU.ActiveCfg = Debug|Any CPU
		{E4231D0D-F9DF-4E36-A798-ECA33F59E5CA}.Debug|Any CPU.Build.0 = Debug|Any CPU
		{E4231D0D-F9DF-4E36-A798-ECA33F59E5CA}.Release|Any CPU.ActiveCfg = Release|Any CPU
		{E4231D0D-F9DF-4E36-A798-ECA33F59E5CA}.Release|Any CPU.Build.0 = Release|Any CPU
		{D8C9244B-CF4D-4EC8-A2DF-50758BB5AD88}.Debug|Any CPU.ActiveCfg = Debug|Any CPU
		{D8C9244B-CF4D-4EC8-A2DF-50758BB5AD88}.Debug|Any CPU.Build.0 = Debug|Any CPU
		{D8C9244B-CF4D-4EC8-A2DF-50758BB5AD88}.Release|Any CPU.ActiveCfg = Release|Any CPU
		{D8C9244B-CF4D-4EC8-A2DF-50758BB5AD88}.Release|Any CPU.Build.0 = Release|Any CPU
		{DF48930F-1C79-4BEE-92BA-E9EF90D4AA10}.Debug|Any CPU.ActiveCfg = Debug|Any CPU
		{DF48930F-1C79-4BEE-92BA-E9EF90D4AA10}.Debug|Any CPU.Build.0 = Debug|Any CPU
		{DF48930F-1C79-4BEE-92BA-E9EF90D4AA10}.Release|Any CPU.ActiveCfg = Release|Any CPU
		{DF48930F-1C79-4BEE-92BA-E9EF90D4AA10}.Release|Any CPU.Build.0 = Release|Any CPU
		{DD38536C-29E6-4C90-ADEB-069C6224A4EA}.Debug|Any CPU.ActiveCfg = Debug|Any CPU
		{DD38536C-29E6-4C90-ADEB-069C6224A4EA}.Debug|Any CPU.Build.0 = Debug|Any CPU
		{DD38536C-29E6-4C90-ADEB-069C6224A4EA}.Release|Any CPU.ActiveCfg = Release|Any CPU
		{DD38536C-29E6-4C90-ADEB-069C6224A4EA}.Release|Any CPU.Build.0 = Release|Any CPU
		{5658F604-9227-4714-B128-87EE331AC113}.Debug|Any CPU.ActiveCfg = Debug|Any CPU
		{5658F604-9227-4714-B128-87EE331AC113}.Debug|Any CPU.Build.0 = Debug|Any CPU
		{5658F604-9227-4714-B128-87EE331AC113}.Release|Any CPU.ActiveCfg = Release|Any CPU
		{5658F604-9227-4714-B128-87EE331AC113}.Release|Any CPU.Build.0 = Release|Any CPU
		{123BE5EF-0AAB-4AA3-AF0B-D649C87E8F2B}.Debug|Any CPU.ActiveCfg = Debug|Any CPU
		{123BE5EF-0AAB-4AA3-AF0B-D649C87E8F2B}.Debug|Any CPU.Build.0 = Debug|Any CPU
		{123BE5EF-0AAB-4AA3-AF0B-D649C87E8F2B}.Release|Any CPU.ActiveCfg = Release|Any CPU
		{123BE5EF-0AAB-4AA3-AF0B-D649C87E8F2B}.Release|Any CPU.Build.0 = Release|Any CPU
		{36969415-918F-4342-8AF8-97B27F604001}.Debug|Any CPU.ActiveCfg = Debug|Any CPU
		{36969415-918F-4342-8AF8-97B27F604001}.Debug|Any CPU.Build.0 = Debug|Any CPU
		{36969415-918F-4342-8AF8-97B27F604001}.Release|Any CPU.ActiveCfg = Release|Any CPU
		{36969415-918F-4342-8AF8-97B27F604001}.Release|Any CPU.Build.0 = Release|Any CPU
		{4DB2C9D7-EAF0-4839-84E6-856C456DCD36}.Debug|Any CPU.ActiveCfg = Debug|Any CPU
		{4DB2C9D7-EAF0-4839-84E6-856C456DCD36}.Debug|Any CPU.Build.0 = Debug|Any CPU
		{4DB2C9D7-EAF0-4839-84E6-856C456DCD36}.Release|Any CPU.ActiveCfg = Release|Any CPU
		{4DB2C9D7-EAF0-4839-84E6-856C456DCD36}.Release|Any CPU.Build.0 = Release|Any CPU
		{C828AF89-D69D-49A3-8DAE-D81B72884AEE}.Debug|Any CPU.ActiveCfg = Debug|Any CPU
		{C828AF89-D69D-49A3-8DAE-D81B72884AEE}.Debug|Any CPU.Build.0 = Debug|Any CPU
		{C828AF89-D69D-49A3-8DAE-D81B72884AEE}.Release|Any CPU.ActiveCfg = Release|Any CPU
		{C828AF89-D69D-49A3-8DAE-D81B72884AEE}.Release|Any CPU.Build.0 = Release|Any CPU
		{8B3ACF44-80AA-419A-AC4F-FAFDD526BE82}.Debug|Any CPU.ActiveCfg = Debug|Any CPU
		{8B3ACF44-80AA-419A-AC4F-FAFDD526BE82}.Debug|Any CPU.Build.0 = Debug|Any CPU
		{8B3ACF44-80AA-419A-AC4F-FAFDD526BE82}.Release|Any CPU.ActiveCfg = Release|Any CPU
		{8B3ACF44-80AA-419A-AC4F-FAFDD526BE82}.Release|Any CPU.Build.0 = Release|Any CPU
		{724CBC76-7AC0-483A-907C-7597B9D084B4}.Debug|Any CPU.ActiveCfg = Debug|Any CPU
		{724CBC76-7AC0-483A-907C-7597B9D084B4}.Debug|Any CPU.Build.0 = Debug|Any CPU
		{724CBC76-7AC0-483A-907C-7597B9D084B4}.Release|Any CPU.ActiveCfg = Release|Any CPU
		{724CBC76-7AC0-483A-907C-7597B9D084B4}.Release|Any CPU.Build.0 = Release|Any CPU
		{C9FFB84B-56A0-4572-9F67-67C7C7824313}.Debug|Any CPU.ActiveCfg = Debug|Any CPU
		{C9FFB84B-56A0-4572-9F67-67C7C7824313}.Debug|Any CPU.Build.0 = Debug|Any CPU
		{C9FFB84B-56A0-4572-9F67-67C7C7824313}.Release|Any CPU.ActiveCfg = Release|Any CPU
		{C9FFB84B-56A0-4572-9F67-67C7C7824313}.Release|Any CPU.Build.0 = Release|Any CPU
		{6660A2E4-ECDC-49F8-BF3C-19DB600F63C3}.Debug|Any CPU.ActiveCfg = Debug|Any CPU
		{6660A2E4-ECDC-49F8-BF3C-19DB600F63C3}.Debug|Any CPU.Build.0 = Debug|Any CPU
		{6660A2E4-ECDC-49F8-BF3C-19DB600F63C3}.Release|Any CPU.ActiveCfg = Release|Any CPU
		{6660A2E4-ECDC-49F8-BF3C-19DB600F63C3}.Release|Any CPU.Build.0 = Release|Any CPU
		{B764D4FA-F906-4F49-93BC-3EC38FD70607}.Debug|Any CPU.ActiveCfg = Debug|Any CPU
		{B764D4FA-F906-4F49-93BC-3EC38FD70607}.Debug|Any CPU.Build.0 = Debug|Any CPU
		{B764D4FA-F906-4F49-93BC-3EC38FD70607}.Release|Any CPU.ActiveCfg = Release|Any CPU
		{B764D4FA-F906-4F49-93BC-3EC38FD70607}.Release|Any CPU.Build.0 = Release|Any CPU
		{F9C4A7FC-1FF4-4610-AE15-758ED5C5E213}.Debug|Any CPU.ActiveCfg = Debug|Any CPU
		{F9C4A7FC-1FF4-4610-AE15-758ED5C5E213}.Debug|Any CPU.Build.0 = Debug|Any CPU
		{F9C4A7FC-1FF4-4610-AE15-758ED5C5E213}.Release|Any CPU.ActiveCfg = Release|Any CPU
		{F9C4A7FC-1FF4-4610-AE15-758ED5C5E213}.Release|Any CPU.Build.0 = Release|Any CPU
		{8F2F6172-6E75-4B48-8002-6A1FB49A7692}.Debug|Any CPU.ActiveCfg = Debug|Any CPU
		{8F2F6172-6E75-4B48-8002-6A1FB49A7692}.Debug|Any CPU.Build.0 = Debug|Any CPU
		{8F2F6172-6E75-4B48-8002-6A1FB49A7692}.Release|Any CPU.ActiveCfg = Release|Any CPU
		{8F2F6172-6E75-4B48-8002-6A1FB49A7692}.Release|Any CPU.Build.0 = Release|Any CPU
		{73EAF600-63D6-494E-B8C7-C871A801C263}.Debug|Any CPU.ActiveCfg = Debug|Any CPU
		{73EAF600-63D6-494E-B8C7-C871A801C263}.Debug|Any CPU.Build.0 = Debug|Any CPU
		{73EAF600-63D6-494E-B8C7-C871A801C263}.Release|Any CPU.ActiveCfg = Release|Any CPU
		{73EAF600-63D6-494E-B8C7-C871A801C263}.Release|Any CPU.Build.0 = Release|Any CPU
		{D230F5B4-4F12-4E55-BDF8-2037EDC463F2}.Debug|Any CPU.ActiveCfg = Debug|Any CPU
		{D230F5B4-4F12-4E55-BDF8-2037EDC463F2}.Debug|Any CPU.Build.0 = Debug|Any CPU
		{D230F5B4-4F12-4E55-BDF8-2037EDC463F2}.Release|Any CPU.ActiveCfg = Release|Any CPU
		{D230F5B4-4F12-4E55-BDF8-2037EDC463F2}.Release|Any CPU.Build.0 = Release|Any CPU
		{ECF4DCA4-5D2D-42CF-B027-1C88CAB12E3F}.Debug|Any CPU.ActiveCfg = Debug|Any CPU
		{ECF4DCA4-5D2D-42CF-B027-1C88CAB12E3F}.Debug|Any CPU.Build.0 = Debug|Any CPU
		{ECF4DCA4-5D2D-42CF-B027-1C88CAB12E3F}.Release|Any CPU.ActiveCfg = Release|Any CPU
		{ECF4DCA4-5D2D-42CF-B027-1C88CAB12E3F}.Release|Any CPU.Build.0 = Release|Any CPU
		{6A50574B-9A53-4CE9-BA22-5F93AA392A61}.Debug|Any CPU.ActiveCfg = Debug|Any CPU
		{6A50574B-9A53-4CE9-BA22-5F93AA392A61}.Debug|Any CPU.Build.0 = Debug|Any CPU
		{6A50574B-9A53-4CE9-BA22-5F93AA392A61}.Release|Any CPU.ActiveCfg = Release|Any CPU
		{6A50574B-9A53-4CE9-BA22-5F93AA392A61}.Release|Any CPU.Build.0 = Release|Any CPU
	EndGlobalSection
	GlobalSection(SolutionProperties) = preSolution
		HideSolutionNode = FALSE
	EndGlobalSection
	GlobalSection(NestedProjects) = preSolution
		{09EE4F0D-5D90-46FC-809B-D788B4278E0E} = {E89F2D25-67E8-491D-A506-4CCD748F297D}
		{8DBB7DC8-2B90-4A8C-A60D-D41466174BDE} = {89BC7946-8A1C-4CE4-8F8B-C8A344C60EBF}
		{C7F8DBE6-77B7-494D-AF00-018F7579548C} = {89BC7946-8A1C-4CE4-8F8B-C8A344C60EBF}
		{90BCC560-AA2B-4146-858A-9E524B696F75} = {89BC7946-8A1C-4CE4-8F8B-C8A344C60EBF}
		{65E9ED9B-9545-47D8-A39C-DA22C323ABB2} = {89BC7946-8A1C-4CE4-8F8B-C8A344C60EBF}
		{B38B6795-2812-4CD5-92F6-935734090816} = {89BC7946-8A1C-4CE4-8F8B-C8A344C60EBF}
		{64B440E4-D885-4270-8E12-53FDA499B6E4} = {89BC7946-8A1C-4CE4-8F8B-C8A344C60EBF}
		{1AB88764-60ED-44F3-9E98-08391B5F5CDB} = {89BC7946-8A1C-4CE4-8F8B-C8A344C60EBF}
		{F0DCBA0C-1EE9-403C-931C-555776F6C680} = {89BC7946-8A1C-4CE4-8F8B-C8A344C60EBF}
		{610512B3-AD01-4A99-9842-8F75F2C9D8D3} = {455EA8B5-593E-4FA3-B3D3-FABE9A7D0E2F}
		{41CC36B0-DD01-40B5-AD66-442F17CD534A} = {F45ED8C2-E00B-4CE7-9DC8-9A5921E54C58}
		{F437902C-3272-42F7-A5ED-C397C45DDF33} = {455EA8B5-593E-4FA3-B3D3-FABE9A7D0E2F}
		{C9E040A8-8225-4E69-8157-96F542550900} = {455EA8B5-593E-4FA3-B3D3-FABE9A7D0E2F}
		{076782F0-3830-4FBB-A7FF-96369FD8A469} = {455EA8B5-593E-4FA3-B3D3-FABE9A7D0E2F}
		{E3550B56-3FA5-4BEE-A358-CB7EC5276CFC} = {455EA8B5-593E-4FA3-B3D3-FABE9A7D0E2F}
		{25532498-BBD6-4D71-BC96-11182292FEB6} = {F45ED8C2-E00B-4CE7-9DC8-9A5921E54C58}
		{40134618-12E0-495F-A40A-1B7DBE644202} = {455EA8B5-593E-4FA3-B3D3-FABE9A7D0E2F}
		{E4231D0D-F9DF-4E36-A798-ECA33F59E5CA} = {455EA8B5-593E-4FA3-B3D3-FABE9A7D0E2F}
		{D8C9244B-CF4D-4EC8-A2DF-50758BB5AD88} = {455EA8B5-593E-4FA3-B3D3-FABE9A7D0E2F}
		{DF48930F-1C79-4BEE-92BA-E9EF90D4AA10} = {455EA8B5-593E-4FA3-B3D3-FABE9A7D0E2F}
		{DD38536C-29E6-4C90-ADEB-069C6224A4EA} = {455EA8B5-593E-4FA3-B3D3-FABE9A7D0E2F}
		{5658F604-9227-4714-B128-87EE331AC113} = {455EA8B5-593E-4FA3-B3D3-FABE9A7D0E2F}
		{123BE5EF-0AAB-4AA3-AF0B-D649C87E8F2B} = {455EA8B5-593E-4FA3-B3D3-FABE9A7D0E2F}
		{36969415-918F-4342-8AF8-97B27F604001} = {455EA8B5-593E-4FA3-B3D3-FABE9A7D0E2F}
		{4DB2C9D7-EAF0-4839-84E6-856C456DCD36} = {F45ED8C2-E00B-4CE7-9DC8-9A5921E54C58}
		{C828AF89-D69D-49A3-8DAE-D81B72884AEE} = {F45ED8C2-E00B-4CE7-9DC8-9A5921E54C58}
		{8B3ACF44-80AA-419A-AC4F-FAFDD526BE82} = {F45ED8C2-E00B-4CE7-9DC8-9A5921E54C58}
		{724CBC76-7AC0-483A-907C-7597B9D084B4} = {E89F2D25-67E8-491D-A506-4CCD748F297D}
		{C9FFB84B-56A0-4572-9F67-67C7C7824313} = {FA36119A-FE32-4691-B2F0-EE8348B6EE05}
		{6660A2E4-ECDC-49F8-BF3C-19DB600F63C3} = {FA36119A-FE32-4691-B2F0-EE8348B6EE05}
		{B764D4FA-F906-4F49-93BC-3EC38FD70607} = {201CB597-F20D-4E30-9B7D-34EDF1B4C660}
		{F9C4A7FC-1FF4-4610-AE15-758ED5C5E213} = {201CB597-F20D-4E30-9B7D-34EDF1B4C660}
		{8F2F6172-6E75-4B48-8002-6A1FB49A7692} = {201CB597-F20D-4E30-9B7D-34EDF1B4C660}
		{73EAF600-63D6-494E-B8C7-C871A801C263} = {201CB597-F20D-4E30-9B7D-34EDF1B4C660}
		{D230F5B4-4F12-4E55-BDF8-2037EDC463F2} = {201CB597-F20D-4E30-9B7D-34EDF1B4C660}
		{ECF4DCA4-5D2D-42CF-B027-1C88CAB12E3F} = {455EA8B5-593E-4FA3-B3D3-FABE9A7D0E2F}
		{B2BE33A0-1EB0-49F7-BD28-72806D4A1DF1} = {89BC7946-8A1C-4CE4-8F8B-C8A344C60EBF}
		{4F157224-1369-4D82-B673-CC185D24F1F0} = {455EA8B5-593E-4FA3-B3D3-FABE9A7D0E2F}
		{6A50574B-9A53-4CE9-BA22-5F93AA392A61} = {FA36119A-FE32-4691-B2F0-EE8348B6EE05}
	EndGlobalSection
	GlobalSection(ExtensibilityGlobals) = postSolution
		SolutionGuid = {C8F04120-7171-4928-B510-435CB4B4E0E7}
	EndGlobalSection
	GlobalSection(MonoDevelopProperties) = preSolution
		StartupItem = EventStore.MultiNode\EventStore.MultiNode.csproj
	EndGlobalSection
EndGlobal
