
Microsoft Visual Studio Solution File, Format Version 12.00
# Visual Studio 15
VisualStudioVersion = 15.0.26403.3
MinimumVisualStudioVersion = 10.0.40219.1
Project("{FAE04EC0-301F-11D3-BF4B-00C04F79EFBC}") = "EventStore.BufferManagement", "src\EventStore.BufferManagement\EventStore.BufferManagement.csproj", "{A794D3FB-06AC-471F-AB8D-6E98CBFA0021}"
EndProject
Project("{FAE04EC0-301F-11D3-BF4B-00C04F79EFBC}") = "EventStore.Transport.Tcp", "src\EventStore.Transport.Tcp\EventStore.Transport.Tcp.csproj", "{A3C1CBE0-4728-451F-B709-480134432880}"
EndProject
Project("{FAE04EC0-301F-11D3-BF4B-00C04F79EFBC}") = "EventStore.Core", "src\EventStore.Core\EventStore.Core.csproj", "{D42A5833-4F20-4FCC-B364-6207AE016732}"
EndProject
Project("{FAE04EC0-301F-11D3-BF4B-00C04F79EFBC}") = "EventStore.Transport.Http", "src\EventStore.Transport.Http\EventStore.Transport.Http.csproj", "{30AF4820-DC60-4674-9E19-C4518445545A}"
EndProject
Project("{FAE04EC0-301F-11D3-BF4B-00C04F79EFBC}") = "EventStore.Common", "src\EventStore.Common\EventStore.Common.csproj", "{B4C9BE3D-43B1-4049-A23A-5DC53DB3F0B0}"
EndProject
Project("{FAE04EC0-301F-11D3-BF4B-00C04F79EFBC}") = "EventStore.Projections.Core", "src\EventStore.Projections.Core\EventStore.Projections.Core.csproj", "{03E02082-E179-4730-81FF-CE914749D6E3}"
EndProject
Project("{FAE04EC0-301F-11D3-BF4B-00C04F79EFBC}") = "EventStore.ClientAPI", "src\EventStore.ClientAPI\EventStore.ClientAPI.csproj", "{C7C0A3C2-A0EB-4FF4-A0CD-67EADF3F553F}"
EndProject
Project("{FAE04EC0-301F-11D3-BF4B-00C04F79EFBC}") = "EventStore.PAdmin", "src\EventStore.Padmin\EventStore.PAdmin.csproj", "{E4CDAFC5-CF95-4846-B3FC-FC97C2CC343F}"
EndProject
Project("{FAE04EC0-301F-11D3-BF4B-00C04F79EFBC}") = "EventStore.ClusterNode", "src\EventStore.ClusterNode\EventStore.ClusterNode.csproj", "{0294FD68-461C-46DB-9FCF-B279BBFDA5F6}"
EndProject
Project("{FAE04EC0-301F-11D3-BF4B-00C04F79EFBC}") = "EventStore.ClientAPI.Embedded", "src\EventStore.ClientAPI.Embedded\EventStore.ClientAPI.Embedded.csproj", "{0ED5BED0-EBF0-4C9D-B2A3-0EA54A767C3F}"
EndProject
Project("{2150E333-8FDC-42A3-9474-1A3956D46DE8}") = "etc", "etc", "{E89F2D25-67E8-491D-A506-4CCD748F297D}"
EndProject
Project("{9A19103F-16F7-4668-BE54-9A1E7A4F7556}") = "EventStore.Rags", "etc\EventStore.Rags\EventStore.Rags.csproj", "{98724F0D-4FAC-4431-A8FB-7C8787E705CF}"
EndProject
Project("{2150E333-8FDC-42A3-9474-1A3956D46DE8}") = "src", "src", "{455EA8B5-593E-4FA3-B3D3-FABE9A7D0E2F}"
EndProject
Project("{2150E333-8FDC-42A3-9474-1A3956D46DE8}") = "app", "app", "{FA36119A-FE32-4691-B2F0-EE8348B6EE05}"
EndProject
Project("{2150E333-8FDC-42A3-9474-1A3956D46DE8}") = "test", "test", "{F45ED8C2-E00B-4CE7-9DC8-9A5921E54C58}"
EndProject
Project("{FAE04EC0-301F-11D3-BF4B-00C04F79EFBC}") = "EventStore.TestClient", "src\EventStore.TestClient\EventStore.TestClient.csproj", "{F5D3314D-E4B9-4D82-90C5-F1CEFA527365}"
EndProject
Project("{FAE04EC0-301F-11D3-BF4B-00C04F79EFBC}") = "EventStore.Query", "src\EventStore.Query\EventStore.Query.csproj", "{81D9A25A-2BE8-4620-A0CE-F82FE5A3A769}"
EndProject
Project("{9A19103F-16F7-4668-BE54-9A1E7A4F7556}") = "HdrHistogram", "etc\HdrHistogram\HdrHistogram.csproj", "{09EE4F0D-5D90-46FC-809B-D788B4278E0E}"
EndProject
Project("{9A19103F-16F7-4668-BE54-9A1E7A4F7556}") = "EventStore.BufferManagement.Tests", "test\EventStore.BufferManagement.Tests\EventStore.BufferManagement.Tests.csproj", "{7219F38C-EC73-4DAD-A461-918F874B02A9}"
EndProject
Project("{9A19103F-16F7-4668-BE54-9A1E7A4F7556}") = "EventStore.Rags.Tests", "test\EventStore.Rags.Tests\EventStore.Rags.Tests.csproj", "{9F8BA423-44BF-43C2-AC89-57177781D14C}"
EndProject
Project("{2150E333-8FDC-42A3-9474-1A3956D46DE8}") = "build", "build", "{77F3B1A0-DA40-4B47-99D6-B9AFFDC1683D}"
	ProjectSection(SolutionItems) = preProject
		clean.cmd = clean.cmd
		common\common.props = common\common.props
		common\define.props = common\define.props
		NuGet.Config = NuGet.Config
	EndProjectSection
EndProject
Project("{2150E333-8FDC-42A3-9474-1A3956D46DE8}") = "es", "es", "{759E1DB9-D74D-4922-B8D1-04EF888CB890}"
	ProjectSection(SolutionItems) = preProject
		common\CommonAssemblyInfo.cs = common\CommonAssemblyInfo.cs
		common\CommonVersionInfo.cs = common\CommonVersionInfo.cs
		common\EsVersion.props = common\EsVersion.props
		common\nuget.props = common\nuget.props
	EndProjectSection
EndProject
Project("{2150E333-8FDC-42A3-9474-1A3956D46DE8}") = "his", "his", "{29D55B48-8535-4C3E-ADA2-0376EBAB6B5C}"
	ProjectSection(SolutionItems) = preProject
		etc\HdrHistogram\Properties\AssemblyInfo.g.cs = etc\HdrHistogram\Properties\AssemblyInfo.g.cs
		common\HistogramVersion.props = common\HistogramVersion.props
	EndProjectSection
EndProject
Project("{FAE04EC0-301F-11D3-BF4B-00C04F79EFBC}") = "EventStore.Core.Tests", "test\EventStore.Core.Tests\EventStore.Core.Tests.csproj", "{6BC8929C-FFD0-4EE6-ACF8-BDF4A3855AF4}"
EndProject
Project("{FAE04EC0-301F-11D3-BF4B-00C04F79EFBC}") = "EventStore.Projections.Core.Tests", "test\EventStore.Projections.Core.Tests\EventStore.Projections.Core.Tests.csproj", "{B3792B44-423E-4937-B065-F2D61785017F}"
EndProject
Global
	GlobalSection(SolutionConfigurationPlatforms) = preSolution
		Debug|Any CPU = Debug|Any CPU
		Release|Any CPU = Release|Any CPU
	EndGlobalSection
	GlobalSection(ProjectConfigurationPlatforms) = postSolution
		{A794D3FB-06AC-471F-AB8D-6E98CBFA0021}.Debug|Any CPU.ActiveCfg = Debug|Any CPU
		{A794D3FB-06AC-471F-AB8D-6E98CBFA0021}.Debug|Any CPU.Build.0 = Debug|Any CPU
		{A794D3FB-06AC-471F-AB8D-6E98CBFA0021}.Release|Any CPU.ActiveCfg = Release|Any CPU
		{A794D3FB-06AC-471F-AB8D-6E98CBFA0021}.Release|Any CPU.Build.0 = Release|Any CPU
		{A3C1CBE0-4728-451F-B709-480134432880}.Debug|Any CPU.ActiveCfg = Debug|Any CPU
		{A3C1CBE0-4728-451F-B709-480134432880}.Debug|Any CPU.Build.0 = Debug|Any CPU
		{A3C1CBE0-4728-451F-B709-480134432880}.Release|Any CPU.ActiveCfg = Release|Any CPU
		{A3C1CBE0-4728-451F-B709-480134432880}.Release|Any CPU.Build.0 = Release|Any CPU
		{D42A5833-4F20-4FCC-B364-6207AE016732}.Debug|Any CPU.ActiveCfg = Debug|Any CPU
		{D42A5833-4F20-4FCC-B364-6207AE016732}.Debug|Any CPU.Build.0 = Debug|Any CPU
		{D42A5833-4F20-4FCC-B364-6207AE016732}.Release|Any CPU.ActiveCfg = Release|Any CPU
		{D42A5833-4F20-4FCC-B364-6207AE016732}.Release|Any CPU.Build.0 = Release|Any CPU
		{30AF4820-DC60-4674-9E19-C4518445545A}.Debug|Any CPU.ActiveCfg = Debug|Any CPU
		{30AF4820-DC60-4674-9E19-C4518445545A}.Debug|Any CPU.Build.0 = Debug|Any CPU
		{30AF4820-DC60-4674-9E19-C4518445545A}.Release|Any CPU.ActiveCfg = Release|Any CPU
		{30AF4820-DC60-4674-9E19-C4518445545A}.Release|Any CPU.Build.0 = Release|Any CPU
		{B4C9BE3D-43B1-4049-A23A-5DC53DB3F0B0}.Debug|Any CPU.ActiveCfg = Debug|Any CPU
		{B4C9BE3D-43B1-4049-A23A-5DC53DB3F0B0}.Debug|Any CPU.Build.0 = Debug|Any CPU
		{B4C9BE3D-43B1-4049-A23A-5DC53DB3F0B0}.Release|Any CPU.ActiveCfg = Release|Any CPU
		{B4C9BE3D-43B1-4049-A23A-5DC53DB3F0B0}.Release|Any CPU.Build.0 = Release|Any CPU
		{03E02082-E179-4730-81FF-CE914749D6E3}.Debug|Any CPU.ActiveCfg = Debug|Any CPU
		{03E02082-E179-4730-81FF-CE914749D6E3}.Debug|Any CPU.Build.0 = Debug|Any CPU
		{03E02082-E179-4730-81FF-CE914749D6E3}.Release|Any CPU.ActiveCfg = Release|Any CPU
		{03E02082-E179-4730-81FF-CE914749D6E3}.Release|Any CPU.Build.0 = Release|Any CPU
		{C7C0A3C2-A0EB-4FF4-A0CD-67EADF3F553F}.Debug|Any CPU.ActiveCfg = Debug|Any CPU
		{C7C0A3C2-A0EB-4FF4-A0CD-67EADF3F553F}.Debug|Any CPU.Build.0 = Debug|Any CPU
		{C7C0A3C2-A0EB-4FF4-A0CD-67EADF3F553F}.Release|Any CPU.ActiveCfg = Release|Any CPU
		{C7C0A3C2-A0EB-4FF4-A0CD-67EADF3F553F}.Release|Any CPU.Build.0 = Release|Any CPU
		{E4CDAFC5-CF95-4846-B3FC-FC97C2CC343F}.Debug|Any CPU.ActiveCfg = Debug|Any CPU
		{E4CDAFC5-CF95-4846-B3FC-FC97C2CC343F}.Debug|Any CPU.Build.0 = Debug|Any CPU
		{E4CDAFC5-CF95-4846-B3FC-FC97C2CC343F}.Release|Any CPU.ActiveCfg = Release|Any CPU
		{E4CDAFC5-CF95-4846-B3FC-FC97C2CC343F}.Release|Any CPU.Build.0 = Release|Any CPU
		{0294FD68-461C-46DB-9FCF-B279BBFDA5F6}.Debug|Any CPU.ActiveCfg = Debug|Any CPU
		{0294FD68-461C-46DB-9FCF-B279BBFDA5F6}.Debug|Any CPU.Build.0 = Debug|Any CPU
		{0294FD68-461C-46DB-9FCF-B279BBFDA5F6}.Release|Any CPU.ActiveCfg = Release|Any CPU
		{0294FD68-461C-46DB-9FCF-B279BBFDA5F6}.Release|Any CPU.Build.0 = Release|Any CPU
		{0ED5BED0-EBF0-4C9D-B2A3-0EA54A767C3F}.Debug|Any CPU.ActiveCfg = Debug|Any CPU
		{0ED5BED0-EBF0-4C9D-B2A3-0EA54A767C3F}.Debug|Any CPU.Build.0 = Debug|Any CPU
		{0ED5BED0-EBF0-4C9D-B2A3-0EA54A767C3F}.Release|Any CPU.ActiveCfg = Release|Any CPU
		{0ED5BED0-EBF0-4C9D-B2A3-0EA54A767C3F}.Release|Any CPU.Build.0 = Release|Any CPU
		{98724F0D-4FAC-4431-A8FB-7C8787E705CF}.Debug|Any CPU.ActiveCfg = Debug|Any CPU
		{98724F0D-4FAC-4431-A8FB-7C8787E705CF}.Debug|Any CPU.Build.0 = Debug|Any CPU
		{98724F0D-4FAC-4431-A8FB-7C8787E705CF}.Release|Any CPU.ActiveCfg = Release|Any CPU
		{98724F0D-4FAC-4431-A8FB-7C8787E705CF}.Release|Any CPU.Build.0 = Release|Any CPU
		{F5D3314D-E4B9-4D82-90C5-F1CEFA527365}.Debug|Any CPU.ActiveCfg = Debug|Any CPU
		{F5D3314D-E4B9-4D82-90C5-F1CEFA527365}.Debug|Any CPU.Build.0 = Debug|Any CPU
		{F5D3314D-E4B9-4D82-90C5-F1CEFA527365}.Release|Any CPU.ActiveCfg = Release|Any CPU
		{F5D3314D-E4B9-4D82-90C5-F1CEFA527365}.Release|Any CPU.Build.0 = Release|Any CPU
		{81D9A25A-2BE8-4620-A0CE-F82FE5A3A769}.Debug|Any CPU.ActiveCfg = Debug|Any CPU
		{81D9A25A-2BE8-4620-A0CE-F82FE5A3A769}.Debug|Any CPU.Build.0 = Debug|Any CPU
		{81D9A25A-2BE8-4620-A0CE-F82FE5A3A769}.Release|Any CPU.ActiveCfg = Release|Any CPU
		{81D9A25A-2BE8-4620-A0CE-F82FE5A3A769}.Release|Any CPU.Build.0 = Release|Any CPU
		{09EE4F0D-5D90-46FC-809B-D788B4278E0E}.Debug|Any CPU.ActiveCfg = Debug|Any CPU
		{09EE4F0D-5D90-46FC-809B-D788B4278E0E}.Debug|Any CPU.Build.0 = Debug|Any CPU
		{09EE4F0D-5D90-46FC-809B-D788B4278E0E}.Release|Any CPU.ActiveCfg = Release|Any CPU
		{09EE4F0D-5D90-46FC-809B-D788B4278E0E}.Release|Any CPU.Build.0 = Release|Any CPU
		{7219F38C-EC73-4DAD-A461-918F874B02A9}.Debug|Any CPU.ActiveCfg = Debug|Any CPU
		{7219F38C-EC73-4DAD-A461-918F874B02A9}.Debug|Any CPU.Build.0 = Debug|Any CPU
		{7219F38C-EC73-4DAD-A461-918F874B02A9}.Release|Any CPU.ActiveCfg = Release|Any CPU
		{7219F38C-EC73-4DAD-A461-918F874B02A9}.Release|Any CPU.Build.0 = Release|Any CPU
		{9F8BA423-44BF-43C2-AC89-57177781D14C}.Debug|Any CPU.ActiveCfg = Debug|Any CPU
		{9F8BA423-44BF-43C2-AC89-57177781D14C}.Debug|Any CPU.Build.0 = Debug|Any CPU
		{9F8BA423-44BF-43C2-AC89-57177781D14C}.Release|Any CPU.ActiveCfg = Release|Any CPU
		{9F8BA423-44BF-43C2-AC89-57177781D14C}.Release|Any CPU.Build.0 = Release|Any CPU
		{6BC8929C-FFD0-4EE6-ACF8-BDF4A3855AF4}.Debug|Any CPU.ActiveCfg = Debug|Any CPU
		{6BC8929C-FFD0-4EE6-ACF8-BDF4A3855AF4}.Debug|Any CPU.Build.0 = Debug|Any CPU
		{6BC8929C-FFD0-4EE6-ACF8-BDF4A3855AF4}.Release|Any CPU.ActiveCfg = Release|Any CPU
		{6BC8929C-FFD0-4EE6-ACF8-BDF4A3855AF4}.Release|Any CPU.Build.0 = Release|Any CPU
		{B3792B44-423E-4937-B065-F2D61785017F}.Debug|Any CPU.ActiveCfg = Debug|Any CPU
		{B3792B44-423E-4937-B065-F2D61785017F}.Debug|Any CPU.Build.0 = Debug|Any CPU
		{B3792B44-423E-4937-B065-F2D61785017F}.Release|Any CPU.ActiveCfg = Release|Any CPU
		{B3792B44-423E-4937-B065-F2D61785017F}.Release|Any CPU.Build.0 = Release|Any CPU
	EndGlobalSection
	GlobalSection(SolutionProperties) = preSolution
		HideSolutionNode = FALSE
	EndGlobalSection
	GlobalSection(NestedProjects) = preSolution
		{A794D3FB-06AC-471F-AB8D-6E98CBFA0021} = {455EA8B5-593E-4FA3-B3D3-FABE9A7D0E2F}
		{A3C1CBE0-4728-451F-B709-480134432880} = {455EA8B5-593E-4FA3-B3D3-FABE9A7D0E2F}
		{D42A5833-4F20-4FCC-B364-6207AE016732} = {455EA8B5-593E-4FA3-B3D3-FABE9A7D0E2F}
		{30AF4820-DC60-4674-9E19-C4518445545A} = {455EA8B5-593E-4FA3-B3D3-FABE9A7D0E2F}
		{B4C9BE3D-43B1-4049-A23A-5DC53DB3F0B0} = {455EA8B5-593E-4FA3-B3D3-FABE9A7D0E2F}
		{03E02082-E179-4730-81FF-CE914749D6E3} = {455EA8B5-593E-4FA3-B3D3-FABE9A7D0E2F}
		{C7C0A3C2-A0EB-4FF4-A0CD-67EADF3F553F} = {455EA8B5-593E-4FA3-B3D3-FABE9A7D0E2F}
		{E4CDAFC5-CF95-4846-B3FC-FC97C2CC343F} = {FA36119A-FE32-4691-B2F0-EE8348B6EE05}
		{0294FD68-461C-46DB-9FCF-B279BBFDA5F6} = {FA36119A-FE32-4691-B2F0-EE8348B6EE05}
		{0ED5BED0-EBF0-4C9D-B2A3-0EA54A767C3F} = {455EA8B5-593E-4FA3-B3D3-FABE9A7D0E2F}
		{98724F0D-4FAC-4431-A8FB-7C8787E705CF} = {E89F2D25-67E8-491D-A506-4CCD748F297D}
		{F5D3314D-E4B9-4D82-90C5-F1CEFA527365} = {FA36119A-FE32-4691-B2F0-EE8348B6EE05}
		{81D9A25A-2BE8-4620-A0CE-F82FE5A3A769} = {FA36119A-FE32-4691-B2F0-EE8348B6EE05}
		{09EE4F0D-5D90-46FC-809B-D788B4278E0E} = {E89F2D25-67E8-491D-A506-4CCD748F297D}
		{7219F38C-EC73-4DAD-A461-918F874B02A9} = {F45ED8C2-E00B-4CE7-9DC8-9A5921E54C58}
		{9F8BA423-44BF-43C2-AC89-57177781D14C} = {F45ED8C2-E00B-4CE7-9DC8-9A5921E54C58}
		{759E1DB9-D74D-4922-B8D1-04EF888CB890} = {77F3B1A0-DA40-4B47-99D6-B9AFFDC1683D}
		{29D55B48-8535-4C3E-ADA2-0376EBAB6B5C} = {77F3B1A0-DA40-4B47-99D6-B9AFFDC1683D}
		{6BC8929C-FFD0-4EE6-ACF8-BDF4A3855AF4} = {F45ED8C2-E00B-4CE7-9DC8-9A5921E54C58}
		{B3792B44-423E-4937-B065-F2D61785017F} = {F45ED8C2-E00B-4CE7-9DC8-9A5921E54C58}
	EndGlobalSection
	GlobalSection(MonoDevelopProperties) = preSolution
		StartupItem = EventStore.MultiNode\EventStore.MultiNode.csproj
	EndGlobalSection
EndGlobal
